
Microsoft Visual Studio Solution File, Format Version 12.00
# Visual Studio Version 16
VisualStudioVersion = 16.0.30011.22
MinimumVisualStudioVersion = 10.0.40219.1
Project("{9A19103F-16F7-4668-BE54-9A1E7A4F7556}") = "AdminLteTheme.AspNetCore", "AdminLteTheme.AspNetCore\AdminLteTheme.AspNetCore.csproj", "{EE087D45-4F56-4A9E-B828-30870D37E7C6}"
EndProject
Global
	GlobalSection(SolutionConfigurationPlatforms) = preSolution
		Debug|Any CPU = Debug|Any CPU
		Release|Any CPU = Release|Any CPU
	EndGlobalSection
	GlobalSection(ProjectConfigurationPlatforms) = postSolution
		{EE087D45-4F56-4A9E-B828-30870D37E7C6}.Debug|Any CPU.ActiveCfg = Debug|Any CPU
		{EE087D45-4F56-4A9E-B828-30870D37E7C6}.Debug|Any CPU.Build.0 = Debug|Any CPU
		{EE087D45-4F56-4A9E-B828-30870D37E7C6}.Release|Any CPU.ActiveCfg = Release|Any CPU
		{EE087D45-4F56-4A9E-B828-30870D37E7C6}.Release|Any CPU.Build.0 = Release|Any CPU
	EndGlobalSection
	GlobalSection(SolutionProperties) = preSolution
		HideSolutionNode = FALSE
	EndGlobalSection
	GlobalSection(ExtensibilityGlobals) = postSolution
		SolutionGuid = {446310E0-3886-4EF6-A07F-B5379E3746C9}
	EndGlobalSection
EndGlobal
